
Microsoft Visual Studio Solution File, Format Version 12.00
# Visual Studio 15
Project("{FAE04EC0-301F-11D3-BF4B-00C04F79EFBC}") = "Assembly-CSharp", "Assembly-CSharp.csproj", "{D5881058-948B-5BDA-00F7-702AF48482C4}"
EndProject
Project("{FAE04EC0-301F-11D3-BF4B-00C04F79EFBC}") = "Assembly-CSharp-firstpass", "Assembly-CSharp-firstpass.csproj", "{B2688B02-A3BB-4ADA-DBC4-EC68BDF349B1}"
EndProject
Project("{FAE04EC0-301F-11D3-BF4B-00C04F79EFBC}") = "Assembly-CSharp-Editor", "Assembly-CSharp-Editor.csproj", "{220BC458-B8EE-3DD5-9E60-C0816D8063BA}"
EndProject
Project("{FAE04EC0-301F-11D3-BF4B-00C04F79EFBC}") = "Assembly-CSharp-Editor-firstpass", "Assembly-CSharp-Editor-firstpass.csproj", "{0A63562C-53FC-9FC3-F4EE-5915D6ECCCFE}"
EndProject
Global
	GlobalSection(SolutionConfigurationPlatforms) = preSolution
		Debug|Any CPU = Debug|Any CPU
		Release|Any CPU = Release|Any CPU
	EndGlobalSection
	GlobalSection(ProjectConfigurationPlatforms) = postSolution
		{D5881058-948B-5BDA-00F7-702AF48482C4}.Debug|Any CPU.ActiveCfg = Debug|Any CPU
		{D5881058-948B-5BDA-00F7-702AF48482C4}.Debug|Any CPU.Build.0 = Debug|Any CPU
		{D5881058-948B-5BDA-00F7-702AF48482C4}.Release|Any CPU.ActiveCfg = Release|Any CPU
		{D5881058-948B-5BDA-00F7-702AF48482C4}.Release|Any CPU.Build.0 = Release|Any CPU
		{B2688B02-A3BB-4ADA-DBC4-EC68BDF349B1}.Debug|Any CPU.ActiveCfg = Debug|Any CPU
		{B2688B02-A3BB-4ADA-DBC4-EC68BDF349B1}.Debug|Any CPU.Build.0 = Debug|Any CPU
		{B2688B02-A3BB-4ADA-DBC4-EC68BDF349B1}.Release|Any CPU.ActiveCfg = Release|Any CPU
		{B2688B02-A3BB-4ADA-DBC4-EC68BDF349B1}.Release|Any CPU.Build.0 = Release|Any CPU
		{220BC458-B8EE-3DD5-9E60-C0816D8063BA}.Debug|Any CPU.ActiveCfg = Debug|Any CPU
		{220BC458-B8EE-3DD5-9E60-C0816D8063BA}.Debug|Any CPU.Build.0 = Debug|Any CPU
		{220BC458-B8EE-3DD5-9E60-C0816D8063BA}.Release|Any CPU.ActiveCfg = Release|Any CPU
		{220BC458-B8EE-3DD5-9E60-C0816D8063BA}.Release|Any CPU.Build.0 = Release|Any CPU
		{0A63562C-53FC-9FC3-F4EE-5915D6ECCCFE}.Debug|Any CPU.ActiveCfg = Debug|Any CPU
		{0A63562C-53FC-9FC3-F4EE-5915D6ECCCFE}.Debug|Any CPU.Build.0 = Debug|Any CPU
		{0A63562C-53FC-9FC3-F4EE-5915D6ECCCFE}.Release|Any CPU.ActiveCfg = Release|Any CPU
		{0A63562C-53FC-9FC3-F4EE-5915D6ECCCFE}.Release|Any CPU.Build.0 = Release|Any CPU
	EndGlobalSection
	GlobalSection(SolutionProperties) = preSolution
		HideSolutionNode = FALSE
	EndGlobalSection
EndGlobal
